{
  "nodes": {
    "flakeNimbleLib": {
      "inputs": {
        "nixpkgs": [
          "nixpkgs"
        ]
      },
      "locked": {
        "lastModified": 1662018438,
        "narHash": "sha256-QtNtU6+LX3Wokxf0zlFwKTFOcn6TeDjKQZ+DA9OYtvM=",
        "owner": "riinr",
        "repo": "nim-flakes-lib",
        "rev": "b1fe8340736e3a85d25c709ac3dfd82a55c03cbf",
        "type": "github"
      },
      "original": {
        "owner": "riinr",
        "ref": "master",
        "repo": "nim-flakes-lib",
        "type": "github"
      }
    },
    "nimmarc-master": {
      "inputs": {
        "flakeNimbleLib": [
          "flakeNimbleLib"
        ],
        "nixpkgs": [
          "nixpkgs"
        ],
        "src-NimMarc-master": "src-NimMarc-master"
      },
      "locked": {
        "dir": "master",
        "lastModified": 1662254669,
        "narHash": "sha256-uztVfXgT1Cb77VkWVsuOaJrVJbfOF9PyNBJMfoe8MEc=",
        "owner": "nim-nix-pkgs",
        "repo": "nimmarc",
        "rev": "be19c4afe5f32a9f6e54d222174a2eb07951702e",
        "type": "github"
      },
      "original": {
        "dir": "master",
        "owner": "nim-nix-pkgs",
        "ref": "master",
        "repo": "nimmarc",
        "type": "github"
      }
    },
    "nixpkgs": {
      "locked": {
        "lastModified": 1667110639,
        "narHash": "sha256-4FbPESZ5LbqQxkJJJBAfk/zKgF9h/4kyUwjjpJwYlbc=",
        "owner": "NixOS",
        "repo": "nixpkgs",
        "rev": "f38a1f04d1bec1feb61fd101a0539ae2002a7087",
        "type": "github"
      },
      "original": {
        "id": "nixpkgs",
        "type": "indirect"
      }
    },
    "root": {
      "inputs": {
        "flakeNimbleLib": "flakeNimbleLib",
        "nimmarc-master": "nimmarc-master",
        "nixpkgs": "nixpkgs"
      }
    },
    "src-NimMarc-master": {
      "flake": false,
      "locked": {
        "lastModified": 1588679948,
        "narHash": "sha256-0FnVONWzLDFBUqY2j2PDXA0gh6gR0CfoKHj+VpKMLUw=",
        "owner": "rsirres",
        "repo": "NimMarc",
        "rev": "5bb207defa23791a3e24abeb4026339d6d8d4530",
        "type": "github"
      },
      "original": {
        "owner": "rsirres",
        "ref": "refs/heads/master",
        "repo": "NimMarc",
        "type": "github"
      }
    }
  },
  "root": "root",
  "version": 7
}
